
Microsoft Visual Studio Solution File, Format Version 12.00
# Visual Studio Version 16
VisualStudioVersion = 16.0.30711.63
MinimumVisualStudioVersion = 10.0.40219.1
Project("{FAE04EC0-301F-11D3-BF4B-00C04F79EFBC}") = "MVCWebAPI-CRUD", "MVCWebAPI-CRUD\MVCWebAPI-CRUD.csproj", "{097C7FCC-9BF2-4098-84F2-46AD16AE4D77}"
EndProject
Global
	GlobalSection(SolutionConfigurationPlatforms) = preSolution
		Debug|Any CPU = Debug|Any CPU
		Release|Any CPU = Release|Any CPU
	EndGlobalSection
	GlobalSection(ProjectConfigurationPlatforms) = postSolution
		{097C7FCC-9BF2-4098-84F2-46AD16AE4D77}.Debug|Any CPU.ActiveCfg = Debug|Any CPU
		{097C7FCC-9BF2-4098-84F2-46AD16AE4D77}.Debug|Any CPU.Build.0 = Debug|Any CPU
		{097C7FCC-9BF2-4098-84F2-46AD16AE4D77}.Release|Any CPU.ActiveCfg = Release|Any CPU
		{097C7FCC-9BF2-4098-84F2-46AD16AE4D77}.Release|Any CPU.Build.0 = Release|Any CPU
	EndGlobalSection
	GlobalSection(SolutionProperties) = preSolution
		HideSolutionNode = FALSE
	EndGlobalSection
	GlobalSection(ExtensibilityGlobals) = postSolution
		SolutionGuid = {21EFEC8B-A13D-42DA-8D7F-5587650E243F}
	EndGlobalSection
EndGlobal
